
Microsoft Visual Studio Solution File, Format Version 12.00
# Visual Studio 2013
VisualStudioVersion = 12.0.40629.0
MinimumVisualStudioVersion = 10.0.40219.1
Project("{FAE04EC0-301F-11D3-BF4B-00C04F79EFBC}") = "HRSM.MIGRATION", "HRSM.MIGRATION\HRSM.MIGRATION.csproj", "{EFE58F91-C9F9-4CAC-8119-B1773037F293}"
EndProject
Project("{FAE04EC0-301F-11D3-BF4B-00C04F79EFBC}") = "HRSM.MIGRATIONTests", "HRSM.MIGRATIONTests\HRSM.MIGRATIONTests.csproj", "{0D4926A6-35D1-4216-9CD5-410BBF5CBB53}"
EndProject
Global
	GlobalSection(SolutionConfigurationPlatforms) = preSolution
		Debug|Any CPU = Debug|Any CPU
		Release|Any CPU = Release|Any CPU
	EndGlobalSection
	GlobalSection(ProjectConfigurationPlatforms) = postSolution
		{EFE58F91-C9F9-4CAC-8119-B1773037F293}.Debug|Any CPU.ActiveCfg = Debug|Any CPU
		{EFE58F91-C9F9-4CAC-8119-B1773037F293}.Debug|Any CPU.Build.0 = Debug|Any CPU
		{EFE58F91-C9F9-4CAC-8119-B1773037F293}.Release|Any CPU.ActiveCfg = Release|Any CPU
		{EFE58F91-C9F9-4CAC-8119-B1773037F293}.Release|Any CPU.Build.0 = Release|Any CPU
		{0D4926A6-35D1-4216-9CD5-410BBF5CBB53}.Debug|Any CPU.ActiveCfg = Debug|Any CPU
		{0D4926A6-35D1-4216-9CD5-410BBF5CBB53}.Debug|Any CPU.Build.0 = Debug|Any CPU
		{0D4926A6-35D1-4216-9CD5-410BBF5CBB53}.Release|Any CPU.ActiveCfg = Release|Any CPU
		{0D4926A6-35D1-4216-9CD5-410BBF5CBB53}.Release|Any CPU.Build.0 = Release|Any CPU
	EndGlobalSection
	GlobalSection(SolutionProperties) = preSolution
		HideSolutionNode = FALSE
	EndGlobalSection
EndGlobal
